// !$*UTF8*$!
{
	archiveVersion = 1;
	classes = {
	};
	objectVersion = 50;
	objects = {

/* Begin PBXBuildFile section */
		3C39080325EDD04700375AF9 /* AppDelegate.swift in Sources */ = {isa = PBXBuildFile; fileRef = 3C39080225EDD04700375AF9 /* AppDelegate.swift */; };
		3C39080525EDD04700375AF9 /* SceneDelegate.swift in Sources */ = {isa = PBXBuildFile; fileRef = 3C39080425EDD04700375AF9 /* SceneDelegate.swift */; };
		3C39080A25EDD04700375AF9 /* Main.storyboard in Resources */ = {isa = PBXBuildFile; fileRef = 3C39080825EDD04700375AF9 /* Main.storyboard */; };
		3C39080C25EDD04E00375AF9 /* Assets.xcassets in Resources */ = {isa = PBXBuildFile; fileRef = 3C39080B25EDD04E00375AF9 /* Assets.xcassets */; };
		3C39080F25EDD04E00375AF9 /* LaunchScreen.storyboard in Resources */ = {isa = PBXBuildFile; fileRef = 3C39080D25EDD04E00375AF9 /* LaunchScreen.storyboard */; };
		3C39083025EDD0F200375AF9 /* flag_italy.png in Resources */ = {isa = PBXBuildFile; fileRef = 3C39081825EDD0EE00375AF9 /* flag_italy.png */; };
		3C39083525EDD0F200375AF9 /* flag_ireland.png in Resources */ = {isa = PBXBuildFile; fileRef = 3C39081D25EDD0EF00375AF9 /* flag_ireland.png */; };
		3C39083725EDD0F200375AF9 /* flag_spain.png in Resources */ = {isa = PBXBuildFile; fileRef = 3C39081F25EDD0EF00375AF9 /* flag_spain.png */; };
		3C39083825EDD0F200375AF9 /* flag_us.png in Resources */ = {isa = PBXBuildFile; fileRef = 3C39082025EDD0EF00375AF9 /* flag_us.png */; };
		3C39083925EDD0F200375AF9 /* flag_france.png in Resources */ = {isa = PBXBuildFile; fileRef = 3C39082125EDD0F000375AF9 /* flag_france.png */; };
		3C39083B25EDD0F200375AF9 /* flag_germany.png in Resources */ = {isa = PBXBuildFile; fileRef = 3C39082325EDD0F000375AF9 /* flag_germany.png */; };
		3C39083D25EDD0F200375AF9 /* flag_poland.png in Resources */ = {isa = PBXBuildFile; fileRef = 3C39082525EDD0F000375AF9 /* flag_poland.png */; };
		3C39083F25EDD0F200375AF9 /* flag_russia.png in Resources */ = {isa = PBXBuildFile; fileRef = 3C39082725EDD0F100375AF9 /* flag_russia.png */; };
		3C39084125EDD0F200375AF9 /* flag_nigeria.png in Resources */ = {isa = PBXBuildFile; fileRef = 3C39082925EDD0F100375AF9 /* flag_nigeria.png */; };
		3C39084425EDD0F200375AF9 /* flag_monaco.png in Resources */ = {isa = PBXBuildFile; fileRef = 3C39082C25EDD0F100375AF9 /* flag_monaco.png */; };
		3C39084525EDD0F200375AF9 /* flag_uk.png in Resources */ = {isa = PBXBuildFile; fileRef = 3C39082D25EDD0F100375AF9 /* flag_uk.png */; };
		3C39084725EDD0F200375AF9 /* flag_estonia.png in Resources */ = {isa = PBXBuildFile; fileRef = 3C39082F25EDD0F200375AF9 /* flag_estonia.png */; };
		3C39084C25EDD26500375AF9 /* DetailViewController.swift in Sources */ = {isa = PBXBuildFile; fileRef = 3C39084B25EDD26500375AF9 /* DetailViewController.swift */; };
		3C39085125EDD8DB00375AF9 /* TableViewController.swift in Sources */ = {isa = PBXBuildFile; fileRef = 3C39085025EDD8DB00375AF9 /* TableViewController.swift */; };
/* End PBXBuildFile section */

/* Begin PBXFileReference section */
		3C3907FF25EDD04700375AF9 /* HWS_Challenge1.app */ = {isa = PBXFileReference; explicitFileType = wrapper.application; includeInIndex = 0; path = HWS_Challenge1.app; sourceTree = BUILT_PRODUCTS_DIR; };
		3C39080225EDD04700375AF9 /* AppDelegate.swift */ = {isa = PBXFileReference; lastKnownFileType = sourcecode.swift; path = AppDelegate.swift; sourceTree = "<group>"; };
		3C39080425EDD04700375AF9 /* SceneDelegate.swift */ = {isa = PBXFileReference; lastKnownFileType = sourcecode.swift; path = SceneDelegate.swift; sourceTree = "<group>"; };
		3C39080925EDD04700375AF9 /* Base */ = {isa = PBXFileReference; lastKnownFileType = file.storyboard; name = Base; path = Base.lproj/Main.storyboard; sourceTree = "<group>"; };
		3C39080B25EDD04E00375AF9 /* Assets.xcassets */ = {isa = PBXFileReference; lastKnownFileType = folder.assetcatalog; path = Assets.xcassets; sourceTree = "<group>"; };
		3C39080E25EDD04E00375AF9 /* Base */ = {isa = PBXFileReference; lastKnownFileType = file.storyboard; name = Base; path = Base.lproj/LaunchScreen.storyboard; sourceTree = "<group>"; };
		3C39081025EDD04E00375AF9 /* Info.plist */ = {isa = PBXFileReference; lastKnownFileType = text.plist.xml; path = Info.plist; sourceTree = "<group>"; };
		3C39081825EDD0EE00375AF9 /* flag_italy.png */ = {isa = PBXFileReference; lastKnownFileType = image.png; path = flag_italy.png; sourceTree = "<group>"; };
		3C39081D25EDD0EF00375AF9 /* flag_ireland.png */ = {isa = PBXFileReference; lastKnownFileType = image.png; path = flag_ireland.png; sourceTree = "<group>"; };
		3C39081F25EDD0EF00375AF9 /* flag_spain.png */ = {isa = PBXFileReference; lastKnownFileType = image.png; path = flag_spain.png; sourceTree = "<group>"; };
		3C39082025EDD0EF00375AF9 /* flag_us.png */ = {isa = PBXFileReference; lastKnownFileType = image.png; path = flag_us.png; sourceTree = "<group>"; };
		3C39082125EDD0F000375AF9 /* flag_france.png */ = {isa = PBXFileReference; lastKnownFileType = image.png; path = flag_france.png; sourceTree = "<group>"; };
		3C39082325EDD0F000375AF9 /* flag_germany.png */ = {isa = PBXFileReference; lastKnownFileType = image.png; path = flag_germany.png; sourceTree = "<group>"; };
		3C39082525EDD0F000375AF9 /* flag_poland.png */ = {isa = PBXFileReference; lastKnownFileType = image.png; path = flag_poland.png; sourceTree = "<group>"; };
		3C39082725EDD0F100375AF9 /* flag_russia.png */ = {isa = PBXFileReference; lastKnownFileType = image.png; path = flag_russia.png; sourceTree = "<group>"; };
		3C39082925EDD0F100375AF9 /* flag_nigeria.png */ = {isa = PBXFileReference; lastKnownFileType = image.png; path = flag_nigeria.png; sourceTree = "<group>"; };
		3C39082C25EDD0F100375AF9 /* flag_monaco.png */ = {isa = PBXFileReference; lastKnownFileType = image.png; path = flag_monaco.png; sourceTree = "<group>"; };
		3C39082D25EDD0F100375AF9 /* flag_uk.png */ = {isa = PBXFileReference; lastKnownFileType = image.png; path = flag_uk.png; sourceTree = "<group>"; };
		3C39082F25EDD0F200375AF9 /* flag_estonia.png */ = {isa = PBXFileReference; lastKnownFileType = image.png; path = flag_estonia.png; sourceTree = "<group>"; };
		3C39084B25EDD26500375AF9 /* DetailViewController.swift */ = {isa = PBXFileReference; lastKnownFileType = sourcecode.swift; path = DetailViewController.swift; sourceTree = "<group>"; };
		3C39085025EDD8DB00375AF9 /* TableViewController.swift */ = {isa = PBXFileReference; lastKnownFileType = sourcecode.swift; path = TableViewController.swift; sourceTree = "<group>"; };
/* End PBXFileReference section */

/* Begin PBXFrameworksBuildPhase section */
		3C3907FC25EDD04700375AF9 /* Frameworks */ = {
			isa = PBXFrameworksBuildPhase;
			buildActionMask = 2147483647;
			files = (
			);
			runOnlyForDeploymentPostprocessing = 0;
		};
/* End PBXFrameworksBuildPhase section */

/* Begin PBXGroup section */
		3C3907F625EDD04700375AF9 = {
			isa = PBXGroup;
			children = (
				3C39080125EDD04700375AF9 /* HWS_Challenge1 */,
				3C39080025EDD04700375AF9 /* Products */,
			);
			sourceTree = "<group>";
		};
		3C39080025EDD04700375AF9 /* Products */ = {
			isa = PBXGroup;
			children = (
				3C3907FF25EDD04700375AF9 /* HWS_Challenge1.app */,
			);
			name = Products;
			sourceTree = "<group>";
		};
		3C39080125EDD04700375AF9 /* HWS_Challenge1 */ = {
			isa = PBXGroup;
			children = (
				3C39080225EDD04700375AF9 /* AppDelegate.swift */,
				3C39080425EDD04700375AF9 /* SceneDelegate.swift */,
				3C39084B25EDD26500375AF9 /* DetailViewController.swift */,
				3C39085025EDD8DB00375AF9 /* TableViewController.swift */,
				3C39080825EDD04700375AF9 /* Main.storyboard */,
				3C39080B25EDD04E00375AF9 /* Assets.xcassets */,
				3C39080D25EDD04E00375AF9 /* LaunchScreen.storyboard */,
				3C39081025EDD04E00375AF9 /* Info.plist */,
				3C39084925EDD11B00375AF9 /* Contents */,
			);
			path = HWS_Challenge1;
			sourceTree = "<group>";
		};
		3C39084925EDD11B00375AF9 /* Contents */ = {
			isa = PBXGroup;
			children = (
				3C39082F25EDD0F200375AF9 /* flag_estonia.png */,
				3C39082125EDD0F000375AF9 /* flag_france.png */,
				3C39082325EDD0F000375AF9 /* flag_germany.png */,
				3C39081D25EDD0EF00375AF9 /* flag_ireland.png */,
				3C39081825EDD0EE00375AF9 /* flag_italy.png */,
				3C39082C25EDD0F100375AF9 /* flag_monaco.png */,
				3C39082925EDD0F100375AF9 /* flag_nigeria.png */,
				3C39082525EDD0F000375AF9 /* flag_poland.png */,
				3C39082725EDD0F100375AF9 /* flag_russia.png */,
				3C39081F25EDD0EF00375AF9 /* flag_spain.png */,
				3C39082D25EDD0F100375AF9 /* flag_uk.png */,
				3C39082025EDD0EF00375AF9 /* flag_us.png */,
			);
			path = Contents;
			sourceTree = "<group>";
		};
/* End PBXGroup section */

/* Begin PBXNativeTarget section */
		3C3907FE25EDD04700375AF9 /* HWS_Challenge1 */ = {
			isa = PBXNativeTarget;
			buildConfigurationList = 3C39081325EDD04E00375AF9 /* Build configuration list for PBXNativeTarget "HWS_Challenge1" */;
			buildPhases = (
				3C3907FB25EDD04700375AF9 /* Sources */,
				3C3907FC25EDD04700375AF9 /* Frameworks */,
				3C3907FD25EDD04700375AF9 /* Resources */,
			);
			buildRules = (
			);
			dependencies = (
			);
			name = HWS_Challenge1;
			productName = HWS_Challenge1;
			productReference = 3C3907FF25EDD04700375AF9 /* HWS_Challenge1.app */;
			productType = "com.apple.product-type.application";
		};
/* End PBXNativeTarget section */

/* Begin PBXProject section */
		3C3907F725EDD04700375AF9 /* Project object */ = {
			isa = PBXProject;
			attributes = {
				LastSwiftUpdateCheck = 1240;
				LastUpgradeCheck = 1240;
				TargetAttributes = {
					3C3907FE25EDD04700375AF9 = {
						CreatedOnToolsVersion = 12.4;
					};
				};
			};
			buildConfigurationList = 3C3907FA25EDD04700375AF9 /* Build configuration list for PBXProject "HWS_Challenge1" */;
			compatibilityVersion = "Xcode 9.3";
			developmentRegion = en;
			hasScannedForEncodings = 0;
			knownRegions = (
				en,
				Base,
			);
			mainGroup = 3C3907F625EDD04700375AF9;
			productRefGroup = 3C39080025EDD04700375AF9 /* Products */;
			projectDirPath = "";
			projectRoot = "";
			targets = (
				3C3907FE25EDD04700375AF9 /* HWS_Challenge1 */,
			);
		};
/* End PBXProject section */

/* Begin PBXResourcesBuildPhase section */
		3C3907FD25EDD04700375AF9 /* Resources */ = {
			isa = PBXResourcesBuildPhase;
			buildActionMask = 2147483647;
			files = (
				3C39083025EDD0F200375AF9 /* flag_italy.png in Resources */,
				3C39080F25EDD04E00375AF9 /* LaunchScreen.storyboard in Resources */,
				3C39080C25EDD04E00375AF9 /* Assets.xcassets in Resources */,
				3C39083D25EDD0F200375AF9 /* flag_poland.png in Resources */,
				3C39083925EDD0F200375AF9 /* flag_france.png in Resources */,
				3C39084725EDD0F200375AF9 /* flag_estonia.png in Resources */,
				3C39083F25EDD0F200375AF9 /* flag_russia.png in Resources */,
				3C39084525EDD0F200375AF9 /* flag_uk.png in Resources */,
				3C39083B25EDD0F200375AF9 /* flag_germany.png in Resources */,
				3C39083825EDD0F200375AF9 /* flag_us.png in Resources */,
				3C39084425EDD0F200375AF9 /* flag_monaco.png in Resources */,
				3C39083725EDD0F200375AF9 /* flag_spain.png in Resources */,
				3C39083525EDD0F200375AF9 /* flag_ireland.png in Resources */,
				3C39084125EDD0F200375AF9 /* flag_nigeria.png in Resources */,
				3C39080A25EDD04700375AF9 /* Main.storyboard in Resources */,
			);
			runOnlyForDeploymentPostprocessing = 0;
		};
/* End PBXResourcesBuildPhase section */

/* Begin PBXSourcesBuildPhase section */
		3C3907FB25EDD04700375AF9 /* Sources */ = {
			isa = PBXSourcesBuildPhase;
			buildActionMask = 2147483647;
			files = (
				3C39080325EDD04700375AF9 /* AppDelegate.swift in Sources */,
				3C39080525EDD04700375AF9 /* SceneDelegate.swift in Sources */,
				3C39084C25EDD26500375AF9 /* DetailViewController.swift in Sources */,
				3C39085125EDD8DB00375AF9 /* TableViewController.swift in Sources */,
			);
			runOnlyForDeploymentPostprocessing = 0;
		};
/* End PBXSourcesBuildPhase section */

/* Begin PBXVariantGroup section */
		3C39080825EDD04700375AF9 /* Main.storyboard */ = {
			isa = PBXVariantGroup;
			children = (
				3C39080925EDD04700375AF9 /* Base */,
			);
			name = Main.storyboard;
			sourceTree = "<group>";
		};
		3C39080D25EDD04E00375AF9 /* LaunchScreen.storyboard */ = {
			isa = PBXVariantGroup;
			children = (
				3C39080E25EDD04E00375AF9 /* Base */,
			);
			name = LaunchScreen.storyboard;
			sourceTree = "<group>";
		};
/* End PBXVariantGroup section */

/* Begin XCBuildConfiguration section */
		3C39081125EDD04E00375AF9 /* Debug */ = {
			isa = XCBuildConfiguration;
			buildSettings = {
				ALWAYS_SEARCH_USER_PATHS = NO;
				CLANG_ANALYZER_NONNULL = YES;
				CLANG_ANALYZER_NUMBER_OBJECT_CONVERSION = YES_AGGRESSIVE;
				CLANG_CXX_LANGUAGE_STANDARD = "gnu++14";
				CLANG_CXX_LIBRARY = "libc++";
				CLANG_ENABLE_MODULES = YES;
				CLANG_ENABLE_OBJC_ARC = YES;
				CLANG_ENABLE_OBJC_WEAK = YES;
				CLANG_WARN_BLOCK_CAPTURE_AUTORELEASING = YES;
				CLANG_WARN_BOOL_CONVERSION = YES;
				CLANG_WARN_COMMA = YES;
				CLANG_WARN_CONSTANT_CONVERSION = YES;
				CLANG_WARN_DEPRECATED_OBJC_IMPLEMENTATIONS = YES;
				CLANG_WARN_DIRECT_OBJC_ISA_USAGE = YES_ERROR;
				CLANG_WARN_DOCUMENTATION_COMMENTS = YES;
				CLANG_WARN_EMPTY_BODY = YES;
				CLANG_WARN_ENUM_CONVERSION = YES;
				CLANG_WARN_INFINITE_RECURSION = YES;
				CLANG_WARN_INT_CONVERSION = YES;
				CLANG_WARN_NON_LITERAL_NULL_CONVERSION = YES;
				CLANG_WARN_OBJC_IMPLICIT_RETAIN_SELF = YES;
				CLANG_WARN_OBJC_LITERAL_CONVERSION = YES;
				CLANG_WARN_OBJC_ROOT_CLASS = YES_ERROR;
				CLANG_WARN_QUOTED_INCLUDE_IN_FRAMEWORK_HEADER = YES;
				CLANG_WARN_RANGE_LOOP_ANALYSIS = YES;
				CLANG_WARN_STRICT_PROTOTYPES = YES;
				CLANG_WARN_SUSPICIOUS_MOVE = YES;
				CLANG_WARN_UNGUARDED_AVAILABILITY = YES_AGGRESSIVE;
				CLANG_WARN_UNREACHABLE_CODE = YES;
				CLANG_WARN__DUPLICATE_METHOD_MATCH = YES;
				COPY_PHASE_STRIP = NO;
				DEBUG_INFORMATION_FORMAT = dwarf;
				ENABLE_STRICT_OBJC_MSGSEND = YES;
				ENABLE_TESTABILITY = YES;
				GCC_C_LANGUAGE_STANDARD = gnu11;
				GCC_DYNAMIC_NO_PIC = NO;
				GCC_NO_COMMON_BLOCKS = YES;
				GCC_OPTIMIZATION_LEVEL = 0;
				GCC_PREPROCESSOR_DEFINITIONS = (
					"DEBUG=1",
					"$(inherited)",
				);
				GCC_WARN_64_TO_32_BIT_CONVERSION = YES;
				GCC_WARN_ABOUT_RETURN_TYPE = YES_ERROR;
				GCC_WARN_UNDECLARED_SELECTOR = YES;
				GCC_WARN_UNINITIALIZED_AUTOS = YES_AGGRESSIVE;
				GCC_WARN_UNUSED_FUNCTION = YES;
				GCC_WARN_UNUSED_VARIABLE = YES;
				IPHONEOS_DEPLOYMENT_TARGET = 14.4;
				MTL_ENABLE_DEBUG_INFO = INCLUDE_SOURCE;
				MTL_FAST_MATH = YES;
				ONLY_ACTIVE_ARCH = YES;
				SDKROOT = iphoneos;
				SWIFT_ACTIVE_COMPILATION_CONDITIONS = DEBUG;
				SWIFT_OPTIMIZATION_LEVEL = "-Onone";
			};
			name = Debug;
		};
		3C39081225EDD04E00375AF9 /* Release */ = {
			isa = XCBuildConfiguration;
			buildSettings = {
				ALWAYS_SEARCH_USER_PATHS = NO;
				CLANG_ANALYZER_NONNULL = YES;
				CLANG_ANALYZER_NUMBER_OBJECT_CONVERSION = YES_AGGRESSIVE;
				CLANG_CXX_LANGUAGE_STANDARD = "gnu++14";
				CLANG_CXX_LIBRARY = "libc++";
				CLANG_ENABLE_MODULES = YES;
				CLANG_ENABLE_OBJC_ARC = YES;
				CLANG_ENABLE_OBJC_WEAK = YES;
				CLANG_WARN_BLOCK_CAPTURE_AUTORELEASING = YES;
				CLANG_WARN_BOOL_CONVERSION = YES;
				CLANG_WARN_COMMA = YES;
				CLANG_WARN_CONSTANT_CONVERSION = YES;
				CLANG_WARN_DEPRECATED_OBJC_IMPLEMENTATIONS = YES;
				CLANG_WARN_DIRECT_OBJC_ISA_USAGE = YES_ERROR;
				CLANG_WARN_DOCUMENTATION_COMMENTS = YES;
				CLANG_WARN_EMPTY_BODY = YES;
				CLANG_WARN_ENUM_CONVERSION = YES;
				CLANG_WARN_INFINITE_RECURSION = YES;
				CLANG_WARN_INT_CONVERSION = YES;
				CLANG_WARN_NON_LITERAL_NULL_CONVERSION = YES;
				CLANG_WARN_OBJC_IMPLICIT_RETAIN_SELF = YES;
				CLANG_WARN_OBJC_LITERAL_CONVERSION = YES;
				CLANG_WARN_OBJC_ROOT_CLASS = YES_ERROR;
				CLANG_WARN_QUOTED_INCLUDE_IN_FRAMEWORK_HEADER = YES;
				CLANG_WARN_RANGE_LOOP_ANALYSIS = YES;
				CLANG_WARN_STRICT_PROTOTYPES = YES;
				CLANG_WARN_SUSPICIOUS_MOVE = YES;
				CLANG_WARN_UNGUARDED_AVAILABILITY = YES_AGGRESSIVE;
				CLANG_WARN_UNREACHABLE_CODE = YES;
				CLANG_WARN__DUPLICATE_METHOD_MATCH = YES;
				COPY_PHASE_STRIP = NO;
				DEBUG_INFORMATION_FORMAT = "dwarf-with-dsym";
				ENABLE_NS_ASSERTIONS = NO;
				ENABLE_STRICT_OBJC_MSGSEND = YES;
				GCC_C_LANGUAGE_STANDARD = gnu11;
				GCC_NO_COMMON_BLOCKS = YES;
				GCC_WARN_64_TO_32_BIT_CONVERSION = YES;
				GCC_WARN_ABOUT_RETURN_TYPE = YES_ERROR;
				GCC_WARN_UNDECLARED_SELECTOR = YES;
				GCC_WARN_UNINITIALIZED_AUTOS = YES_AGGRESSIVE;
				GCC_WARN_UNUSED_FUNCTION = YES;
				GCC_WARN_UNUSED_VARIABLE = YES;
				IPHONEOS_DEPLOYMENT_TARGET = 14.4;
				MTL_ENABLE_DEBUG_INFO = NO;
				MTL_FAST_MATH = YES;
				SDKROOT = iphoneos;
				SWIFT_COMPILATION_MODE = wholemodule;
				SWIFT_OPTIMIZATION_LEVEL = "-O";
				VALIDATE_PRODUCT = YES;
			};
			name = Release;
		};
		3C39081425EDD04E00375AF9 /* Debug */ = {
			isa = XCBuildConfiguration;
			buildSettings = {
				ASSETCATALOG_COMPILER_APPICON_NAME = AppIcon;
				ASSETCATALOG_COMPILER_GLOBAL_ACCENT_COLOR_NAME = AccentColor;
				CODE_SIGN_STYLE = Automatic;
				DEVELOPMENT_TEAM = 8SV798S53Y;
				INFOPLIST_FILE = HWS_Challenge1/Info.plist;
				LD_RUNPATH_SEARCH_PATHS = (
					"$(inherited)",
					"@executable_path/Frameworks",
				);
				PRODUCT_BUNDLE_IDENTIFIER = "com.Jinapps.HWS-Challenge1";
				PRODUCT_NAME = "$(TARGET_NAME)";
				SWIFT_VERSION = 5.0;
				TARGETED_DEVICE_FAMILY = 1;
			};
			name = Debug;
		};
		3C39081525EDD04E00375AF9 /* Release */ = {
			isa = XCBuildConfiguration;
			buildSettings = {
				ASSETCATALOG_COMPILER_APPICON_NAME = AppIcon;
				ASSETCATALOG_COMPILER_GLOBAL_ACCENT_COLOR_NAME = AccentColor;
				CODE_SIGN_STYLE = Automatic;
				DEVELOPMENT_TEAM = 8SV798S53Y;
				INFOPLIST_FILE = HWS_Challenge1/Info.plist;
				LD_RUNPATH_SEARCH_PATHS = (
					"$(inherited)",
					"@executable_path/Frameworks",
				);
				PRODUCT_BUNDLE_IDENTIFIER = "com.Jinapps.HWS-Challenge1";
				PRODUCT_NAME = "$(TARGET_NAME)";
				SWIFT_VERSION = 5.0;
				TARGETED_DEVICE_FAMILY = 1;
			};
			name = Release;
		};
/* End XCBuildConfiguration section */

/* Begin XCConfigurationList section */
		3C3907FA25EDD04700375AF9 /* Build configuration list for PBXProject "HWS_Challenge1" */ = {
			isa = XCConfigurationList;
			buildConfigurations = (
				3C39081125EDD04E00375AF9 /* Debug */,
				3C39081225EDD04E00375AF9 /* Release */,
			);
			defaultConfigurationIsVisible = 0;
			defaultConfigurationName = Release;
		};
		3C39081325EDD04E00375AF9 /* Build configuration list for PBXNativeTarget "HWS_Challenge1" */ = {
			isa = XCConfigurationList;
			buildConfigurations = (
				3C39081425EDD04E00375AF9 /* Debug */,
				3C39081525EDD04E00375AF9 /* Release */,
			);
			defaultConfigurationIsVisible = 0;
			defaultConfigurationName = Release;
		};
/* End XCConfigurationList section */
	};
	rootObject = 3C3907F725EDD04700375AF9 /* Project object */;
}
